// !$*UTF8*$!
{
	archiveVersion = 1;
	classes = {
	};
	objectVersion = 56;
	objects = {

/* Begin PBXBuildFile section */
		7A53A79629C23DC50069770E /* TicTacToe4App.swift in Sources */ = {isa = PBXBuildFile; fileRef = 7A53A79529C23DC50069770E /* TicTacToe4App.swift */; };
		7A53A79829C23DC50069770E /* ContentView.swift in Sources */ = {isa = PBXBuildFile; fileRef = 7A53A79729C23DC50069770E /* ContentView.swift */; };
		7A53A79A29C23DC60069770E /* Assets.xcassets in Resources */ = {isa = PBXBuildFile; fileRef = 7A53A79929C23DC60069770E /* Assets.xcassets */; };
		7A53A79D29C23DC60069770E /* Preview Assets.xcassets in Resources */ = {isa = PBXBuildFile; fileRef = 7A53A79C29C23DC60069770E /* Preview Assets.xcassets */; };
		7A53A7A729C23DC70069770E /* TicTacToe4Tests.swift in Sources */ = {isa = PBXBuildFile; fileRef = 7A53A7A629C23DC70069770E /* TicTacToe4Tests.swift */; };
		7A53A7B129C23DC70069770E /* TicTacToe4UITests.swift in Sources */ = {isa = PBXBuildFile; fileRef = 7A53A7B029C23DC70069770E /* TicTacToe4UITests.swift */; };
		7A53A7B329C23DC70069770E /* TicTacToe4UITestsLaunchTests.swift in Sources */ = {isa = PBXBuildFile; fileRef = 7A53A7B229C23DC70069770E /* TicTacToe4UITestsLaunchTests.swift */; };
		7A53A7C029C23DDA0069770E /* Cell.swift in Sources */ = {isa = PBXBuildFile; fileRef = 7A53A7BF29C23DDA0069770E /* Cell.swift */; };
		7A53A7C229C23DEE0069770E /* GameState.swift in Sources */ = {isa = PBXBuildFile; fileRef = 7A53A7C129C23DEE0069770E /* GameState.swift */; };
/* End PBXBuildFile section */

/* Begin PBXContainerItemProxy section */
		7A53A7A329C23DC70069770E /* PBXContainerItemProxy */ = {
			isa = PBXContainerItemProxy;
			containerPortal = 7A53A78A29C23DC50069770E /* Project object */;
			proxyType = 1;
			remoteGlobalIDString = 7A53A79129C23DC50069770E;
			remoteInfo = TicTacToe4;
		};
		7A53A7AD29C23DC70069770E /* PBXContainerItemProxy */ = {
			isa = PBXContainerItemProxy;
			containerPortal = 7A53A78A29C23DC50069770E /* Project object */;
			proxyType = 1;
			remoteGlobalIDString = 7A53A79129C23DC50069770E;
			remoteInfo = TicTacToe4;
		};
/* End PBXContainerItemProxy section */

/* Begin PBXFileReference section */
		7A53A79229C23DC50069770E /* TicTacToe4.app */ = {isa = PBXFileReference; explicitFileType = wrapper.application; includeInIndex = 0; path = TicTacToe4.app; sourceTree = BUILT_PRODUCTS_DIR; };
		7A53A79529C23DC50069770E /* TicTacToe4App.swift */ = {isa = PBXFileReference; lastKnownFileType = sourcecode.swift; path = TicTacToe4App.swift; sourceTree = "<group>"; };
		7A53A79729C23DC50069770E /* ContentView.swift */ = {isa = PBXFileReference; lastKnownFileType = sourcecode.swift; path = ContentView.swift; sourceTree = "<group>"; };
		7A53A79929C23DC60069770E /* Assets.xcassets */ = {isa = PBXFileReference; lastKnownFileType = folder.assetcatalog; path = Assets.xcassets; sourceTree = "<group>"; };
		7A53A79C29C23DC60069770E /* Preview Assets.xcassets */ = {isa = PBXFileReference; lastKnownFileType = folder.assetcatalog; path = "Preview Assets.xcassets"; sourceTree = "<group>"; };
		7A53A7A229C23DC70069770E /* TicTacToe4Tests.xctest */ = {isa = PBXFileReference; explicitFileType = wrapper.cfbundle; includeInIndex = 0; path = TicTacToe4Tests.xctest; sourceTree = BUILT_PRODUCTS_DIR; };
		7A53A7A629C23DC70069770E /* TicTacToe4Tests.swift */ = {isa = PBXFileReference; lastKnownFileType = sourcecode.swift; path = TicTacToe4Tests.swift; sourceTree = "<group>"; };
		7A53A7AC29C23DC70069770E /* TicTacToe4UITests.xctest */ = {isa = PBXFileReference; explicitFileType = wrapper.cfbundle; includeInIndex = 0; path = TicTacToe4UITests.xctest; sourceTree = BUILT_PRODUCTS_DIR; };
		7A53A7B029C23DC70069770E /* TicTacToe4UITests.swift */ = {isa = PBXFileReference; lastKnownFileType = sourcecode.swift; path = TicTacToe4UITests.swift; sourceTree = "<group>"; };
		7A53A7B229C23DC70069770E /* TicTacToe4UITestsLaunchTests.swift */ = {isa = PBXFileReference; lastKnownFileType = sourcecode.swift; path = TicTacToe4UITestsLaunchTests.swift; sourceTree = "<group>"; };
		7A53A7BF29C23DDA0069770E /* Cell.swift */ = {isa = PBXFileReference; lastKnownFileType = sourcecode.swift; path = Cell.swift; sourceTree = "<group>"; };
		7A53A7C129C23DEE0069770E /* GameState.swift */ = {isa = PBXFileReference; lastKnownFileType = sourcecode.swift; path = GameState.swift; sourceTree = "<group>"; };
/* End PBXFileReference section */

/* Begin PBXFrameworksBuildPhase section */
		7A53A78F29C23DC50069770E /* Frameworks */ = {
			isa = PBXFrameworksBuildPhase;
			buildActionMask = 2147483647;
			files = (
			);
			runOnlyForDeploymentPostprocessing = 0;
		};
		7A53A79F29C23DC70069770E /* Frameworks */ = {
			isa = PBXFrameworksBuildPhase;
			buildActionMask = 2147483647;
			files = (
			);
			runOnlyForDeploymentPostprocessing = 0;
		};
		7A53A7A929C23DC70069770E /* Frameworks */ = {
			isa = PBXFrameworksBuildPhase;
			buildActionMask = 2147483647;
			files = (
			);
			runOnlyForDeploymentPostprocessing = 0;
		};
/* End PBXFrameworksBuildPhase section */

/* Begin PBXGroup section */
		7A53A78929C23DC50069770E = {
			isa = PBXGroup;
			children = (
				7A53A79429C23DC50069770E /* TicTacToe4 */,
				7A53A7A529C23DC70069770E /* TicTacToe4Tests */,
				7A53A7AF29C23DC70069770E /* TicTacToe4UITests */,
				7A53A79329C23DC50069770E /* Products */,
			);
			sourceTree = "<group>";
		};
		7A53A79329C23DC50069770E /* Products */ = {
			isa = PBXGroup;
			children = (
				7A53A79229C23DC50069770E /* TicTacToe4.app */,
				7A53A7A229C23DC70069770E /* TicTacToe4Tests.xctest */,
				7A53A7AC29C23DC70069770E /* TicTacToe4UITests.xctest */,
			);
			name = Products;
			sourceTree = "<group>";
		};
		7A53A79429C23DC50069770E /* TicTacToe4 */ = {
			isa = PBXGroup;
			children = (
				7A53A79529C23DC50069770E /* TicTacToe4App.swift */,
				7A53A79729C23DC50069770E /* ContentView.swift */,
				7A53A7BF29C23DDA0069770E /* Cell.swift */,
				7A53A7C129C23DEE0069770E /* GameState.swift */,
				7A53A79929C23DC60069770E /* Assets.xcassets */,
				7A53A79B29C23DC60069770E /* Preview Content */,
			);
			path = TicTacToe4;
			sourceTree = "<group>";
		};
		7A53A79B29C23DC60069770E /* Preview Content */ = {
			isa = PBXGroup;
			children = (
				7A53A79C29C23DC60069770E /* Preview Assets.xcassets */,
			);
			path = "Preview Content";
			sourceTree = "<group>";
		};
		7A53A7A529C23DC70069770E /* TicTacToe4Tests */ = {
			isa = PBXGroup;
			children = (
				7A53A7A629C23DC70069770E /* TicTacToe4Tests.swift */,
			);
			path = TicTacToe4Tests;
			sourceTree = "<group>";
		};
		7A53A7AF29C23DC70069770E /* TicTacToe4UITests */ = {
			isa = PBXGroup;
			children = (
				7A53A7B029C23DC70069770E /* TicTacToe4UITests.swift */,
				7A53A7B229C23DC70069770E /* TicTacToe4UITestsLaunchTests.swift */,
			);
			path = TicTacToe4UITests;
			sourceTree = "<group>";
		};
/* End PBXGroup section */

/* Begin PBXNativeTarget section */
		7A53A79129C23DC50069770E /* TicTacToe4 */ = {
			isa = PBXNativeTarget;
			buildConfigurationList = 7A53A7B629C23DC70069770E /* Build configuration list for PBXNativeTarget "TicTacToe4" */;
			buildPhases = (
				7A53A78E29C23DC50069770E /* Sources */,
				7A53A78F29C23DC50069770E /* Frameworks */,
				7A53A79029C23DC50069770E /* Resources */,
			);
			buildRules = (
			);
			dependencies = (
			);
			name = TicTacToe4;
			productName = TicTacToe4;
			productReference = 7A53A79229C23DC50069770E /* TicTacToe4.app */;
			productType = "com.apple.product-type.application";
		};
		7A53A7A129C23DC70069770E /* TicTacToe4Tests */ = {
			isa = PBXNativeTarget;
			buildConfigurationList = 7A53A7B929C23DC70069770E /* Build configuration list for PBXNativeTarget "TicTacToe4Tests" */;
			buildPhases = (
				7A53A79E29C23DC70069770E /* Sources */,
				7A53A79F29C23DC70069770E /* Frameworks */,
				7A53A7A029C23DC70069770E /* Resources */,
			);
			buildRules = (
			);
			dependencies = (
				7A53A7A429C23DC70069770E /* PBXTargetDependency */,
			);
			name = TicTacToe4Tests;
			productName = TicTacToe4Tests;
			productReference = 7A53A7A229C23DC70069770E /* TicTacToe4Tests.xctest */;
			productType = "com.apple.product-type.bundle.unit-test";
		};
		7A53A7AB29C23DC70069770E /* TicTacToe4UITests */ = {
			isa = PBXNativeTarget;
			buildConfigurationList = 7A53A7BC29C23DC70069770E /* Build configuration list for PBXNativeTarget "TicTacToe4UITests" */;
			buildPhases = (
				7A53A7A829C23DC70069770E /* Sources */,
				7A53A7A929C23DC70069770E /* Frameworks */,
				7A53A7AA29C23DC70069770E /* Resources */,
			);
			buildRules = (
			);
			dependencies = (
				7A53A7AE29C23DC70069770E /* PBXTargetDependency */,
			);
			name = TicTacToe4UITests;
			productName = TicTacToe4UITests;
			productReference = 7A53A7AC29C23DC70069770E /* TicTacToe4UITests.xctest */;
			productType = "com.apple.product-type.bundle.ui-testing";
		};
/* End PBXNativeTarget section */

/* Begin PBXProject section */
		7A53A78A29C23DC50069770E /* Project object */ = {
			isa = PBXProject;
			attributes = {
				BuildIndependentTargetsInParallel = 1;
				LastSwiftUpdateCheck = 1420;
				LastUpgradeCheck = 1420;
				TargetAttributes = {
					7A53A79129C23DC50069770E = {
						CreatedOnToolsVersion = 14.2;
					};
					7A53A7A129C23DC70069770E = {
						CreatedOnToolsVersion = 14.2;
						TestTargetID = 7A53A79129C23DC50069770E;
					};
					7A53A7AB29C23DC70069770E = {
						CreatedOnToolsVersion = 14.2;
						TestTargetID = 7A53A79129C23DC50069770E;
					};
				};
			};
			buildConfigurationList = 7A53A78D29C23DC50069770E /* Build configuration list for PBXProject "TicTacToe4" */;
			compatibilityVersion = "Xcode 14.0";
			developmentRegion = en;
			hasScannedForEncodings = 0;
			knownRegions = (
				en,
				Base,
			);
			mainGroup = 7A53A78929C23DC50069770E;
			productRefGroup = 7A53A79329C23DC50069770E /* Products */;
			projectDirPath = "";
			projectRoot = "";
			targets = (
				7A53A79129C23DC50069770E /* TicTacToe4 */,
				7A53A7A129C23DC70069770E /* TicTacToe4Tests */,
				7A53A7AB29C23DC70069770E /* TicTacToe4UITests */,
			);
		};
/* End PBXProject section */

/* Begin PBXResourcesBuildPhase section */
		7A53A79029C23DC50069770E /* Resources */ = {
			isa = PBXResourcesBuildPhase;
			buildActionMask = 2147483647;
			files = (
				7A53A79D29C23DC60069770E /* Preview Assets.xcassets in Resources */,
				7A53A79A29C23DC60069770E /* Assets.xcassets in Resources */,
			);
			runOnlyForDeploymentPostprocessing = 0;
		};
		7A53A7A029C23DC70069770E /* Resources */ = {
			isa = PBXResourcesBuildPhase;
			buildActionMask = 2147483647;
			files = (
			);
			runOnlyForDeploymentPostprocessing = 0;
		};
		7A53A7AA29C23DC70069770E /* Resources */ = {
			isa = PBXResourcesBuildPhase;
			buildActionMask = 2147483647;
			files = (
			);
			runOnlyForDeploymentPostprocessing = 0;
		};
/* End PBXResourcesBuildPhase section */

/* Begin PBXSourcesBuildPhase section */
		7A53A78E29C23DC50069770E /* Sources */ = {
			isa = PBXSourcesBuildPhase;
			buildActionMask = 2147483647;
			files = (
				7A53A79829C23DC50069770E /* ContentView.swift in Sources */,
				7A53A7C229C23DEE0069770E /* GameState.swift in Sources */,
				7A53A79629C23DC50069770E /* TicTacToe4App.swift in Sources */,
				7A53A7C029C23DDA0069770E /* Cell.swift in Sources */,
			);
			runOnlyForDeploymentPostprocessing = 0;
		};
		7A53A79E29C23DC70069770E /* Sources */ = {
			isa = PBXSourcesBuildPhase;
			buildActionMask = 2147483647;
			files = (
				7A53A7A729C23DC70069770E /* TicTacToe4Tests.swift in Sources */,
			);
			runOnlyForDeploymentPostprocessing = 0;
		};
		7A53A7A829C23DC70069770E /* Sources */ = {
			isa = PBXSourcesBuildPhase;
			buildActionMask = 2147483647;
			files = (
				7A53A7B329C23DC70069770E /* TicTacToe4UITestsLaunchTests.swift in Sources */,
				7A53A7B129C23DC70069770E /* TicTacToe4UITests.swift in Sources */,
			);
			runOnlyForDeploymentPostprocessing = 0;
		};
/* End PBXSourcesBuildPhase section */

/* Begin PBXTargetDependency section */
		7A53A7A429C23DC70069770E /* PBXTargetDependency */ = {
			isa = PBXTargetDependency;
			target = 7A53A79129C23DC50069770E /* TicTacToe4 */;
			targetProxy = 7A53A7A329C23DC70069770E /* PBXContainerItemProxy */;
		};
		7A53A7AE29C23DC70069770E /* PBXTargetDependency */ = {
			isa = PBXTargetDependency;
			target = 7A53A79129C23DC50069770E /* TicTacToe4 */;
			targetProxy = 7A53A7AD29C23DC70069770E /* PBXContainerItemProxy */;
		};
/* End PBXTargetDependency section */

/* Begin XCBuildConfiguration section */
		7A53A7B429C23DC70069770E /* Debug */ = {
			isa = XCBuildConfiguration;
			buildSettings = {
				ALWAYS_SEARCH_USER_PATHS = NO;
				CLANG_ANALYZER_NONNULL = YES;
				CLANG_ANALYZER_NUMBER_OBJECT_CONVERSION = YES_AGGRESSIVE;
				CLANG_CXX_LANGUAGE_STANDARD = "gnu++20";
				CLANG_ENABLE_MODULES = YES;
				CLANG_ENABLE_OBJC_ARC = YES;
				CLANG_ENABLE_OBJC_WEAK = YES;
				CLANG_WARN_BLOCK_CAPTURE_AUTORELEASING = YES;
				CLANG_WARN_BOOL_CONVERSION = YES;
				CLANG_WARN_COMMA = YES;
				CLANG_WARN_CONSTANT_CONVERSION = YES;
				CLANG_WARN_DEPRECATED_OBJC_IMPLEMENTATIONS = YES;
				CLANG_WARN_DIRECT_OBJC_ISA_USAGE = YES_ERROR;
				CLANG_WARN_DOCUMENTATION_COMMENTS = YES;
				CLANG_WARN_EMPTY_BODY = YES;
				CLANG_WARN_ENUM_CONVERSION = YES;
				CLANG_WARN_INFINITE_RECURSION = YES;
				CLANG_WARN_INT_CONVERSION = YES;
				CLANG_WARN_NON_LITERAL_NULL_CONVERSION = YES;
				CLANG_WARN_OBJC_IMPLICIT_RETAIN_SELF = YES;
				CLANG_WARN_OBJC_LITERAL_CONVERSION = YES;
				CLANG_WARN_OBJC_ROOT_CLASS = YES_ERROR;
				CLANG_WARN_QUOTED_INCLUDE_IN_FRAMEWORK_HEADER = YES;
				CLANG_WARN_RANGE_LOOP_ANALYSIS = YES;
				CLANG_WARN_STRICT_PROTOTYPES = YES;
				CLANG_WARN_SUSPICIOUS_MOVE = YES;
				CLANG_WARN_UNGUARDED_AVAILABILITY = YES_AGGRESSIVE;
				CLANG_WARN_UNREACHABLE_CODE = YES;
				CLANG_WARN__DUPLICATE_METHOD_MATCH = YES;
				COPY_PHASE_STRIP = NO;
				DEBUG_INFORMATION_FORMAT = dwarf;
				ENABLE_STRICT_OBJC_MSGSEND = YES;
				ENABLE_TESTABILITY = YES;
				GCC_C_LANGUAGE_STANDARD = gnu11;
				GCC_DYNAMIC_NO_PIC = NO;
				GCC_NO_COMMON_BLOCKS = YES;
				GCC_OPTIMIZATION_LEVEL = 0;
				GCC_PREPROCESSOR_DEFINITIONS = (
					"DEBUG=1",
					"$(inherited)",
				);
				GCC_WARN_64_TO_32_BIT_CONVERSION = YES;
				GCC_WARN_ABOUT_RETURN_TYPE = YES_ERROR;
				GCC_WARN_UNDECLARED_SELECTOR = YES;
				GCC_WARN_UNINITIALIZED_AUTOS = YES_AGGRESSIVE;
				GCC_WARN_UNUSED_FUNCTION = YES;
				GCC_WARN_UNUSED_VARIABLE = YES;
				IPHONEOS_DEPLOYMENT_TARGET = 16.2;
				MTL_ENABLE_DEBUG_INFO = INCLUDE_SOURCE;
				MTL_FAST_MATH = YES;
				ONLY_ACTIVE_ARCH = YES;
				SDKROOT = iphoneos;
				SWIFT_ACTIVE_COMPILATION_CONDITIONS = DEBUG;
				SWIFT_OPTIMIZATION_LEVEL = "-Onone";
			};
			name = Debug;
		};
		7A53A7B529C23DC70069770E /* Release */ = {
			isa = XCBuildConfiguration;
			buildSettings = {
				ALWAYS_SEARCH_USER_PATHS = NO;
				CLANG_ANALYZER_NONNULL = YES;
				CLANG_ANALYZER_NUMBER_OBJECT_CONVERSION = YES_AGGRESSIVE;
				CLANG_CXX_LANGUAGE_STANDARD = "gnu++20";
				CLANG_ENABLE_MODULES = YES;
				CLANG_ENABLE_OBJC_ARC = YES;
				CLANG_ENABLE_OBJC_WEAK = YES;
				CLANG_WARN_BLOCK_CAPTURE_AUTORELEASING = YES;
				CLANG_WARN_BOOL_CONVERSION = YES;
				CLANG_WARN_COMMA = YES;
				CLANG_WARN_CONSTANT_CONVERSION = YES;
				CLANG_WARN_DEPRECATED_OBJC_IMPLEMENTATIONS = YES;
				CLANG_WARN_DIRECT_OBJC_ISA_USAGE = YES_ERROR;
				CLANG_WARN_DOCUMENTATION_COMMENTS = YES;
				CLANG_WARN_EMPTY_BODY = YES;
				CLANG_WARN_ENUM_CONVERSION = YES;
				CLANG_WARN_INFINITE_RECURSION = YES;
				CLANG_WARN_INT_CONVERSION = YES;
				CLANG_WARN_NON_LITERAL_NULL_CONVERSION = YES;
				CLANG_WARN_OBJC_IMPLICIT_RETAIN_SELF = YES;
				CLANG_WARN_OBJC_LITERAL_CONVERSION = YES;
				CLANG_WARN_OBJC_ROOT_CLASS = YES_ERROR;
				CLANG_WARN_QUOTED_INCLUDE_IN_FRAMEWORK_HEADER = YES;
				CLANG_WARN_RANGE_LOOP_ANALYSIS = YES;
				CLANG_WARN_STRICT_PROTOTYPES = YES;
				CLANG_WARN_SUSPICIOUS_MOVE = YES;
				CLANG_WARN_UNGUARDED_AVAILABILITY = YES_AGGRESSIVE;
				CLANG_WARN_UNREACHABLE_CODE = YES;
				CLANG_WARN__DUPLICATE_METHOD_MATCH = YES;
				COPY_PHASE_STRIP = NO;
				DEBUG_INFORMATION_FORMAT = "dwarf-with-dsym";
				ENABLE_NS_ASSERTIONS = NO;
				ENABLE_STRICT_OBJC_MSGSEND = YES;
				GCC_C_LANGUAGE_STANDARD = gnu11;
				GCC_NO_COMMON_BLOCKS = YES;
				GCC_WARN_64_TO_32_BIT_CONVERSION = YES;
				GCC_WARN_ABOUT_RETURN_TYPE = YES_ERROR;
				GCC_WARN_UNDECLARED_SELECTOR = YES;
				GCC_WARN_UNINITIALIZED_AUTOS = YES_AGGRESSIVE;
				GCC_WARN_UNUSED_FUNCTION = YES;
				GCC_WARN_UNUSED_VARIABLE = YES;
				IPHONEOS_DEPLOYMENT_TARGET = 16.2;
				MTL_ENABLE_DEBUG_INFO = NO;
				MTL_FAST_MATH = YES;
				SDKROOT = iphoneos;
				SWIFT_COMPILATION_MODE = wholemodule;
				SWIFT_OPTIMIZATION_LEVEL = "-O";
				VALIDATE_PRODUCT = YES;
			};
			name = Release;
		};
		7A53A7B729C23DC70069770E /* Debug */ = {
			isa = XCBuildConfiguration;
			buildSettings = {
				ASSETCATALOG_COMPILER_APPICON_NAME = AppIcon;
				ASSETCATALOG_COMPILER_GLOBAL_ACCENT_COLOR_NAME = AccentColor;
				CODE_SIGN_STYLE = Automatic;
				CURRENT_PROJECT_VERSION = 1;
				DEVELOPMENT_ASSET_PATHS = "\"TicTacToe4/Preview Content\"";
				ENABLE_PREVIEWS = YES;
				GENERATE_INFOPLIST_FILE = YES;
				INFOPLIST_KEY_UIApplicationSceneManifest_Generation = YES;
				INFOPLIST_KEY_UIApplicationSupportsIndirectInputEvents = YES;
				INFOPLIST_KEY_UILaunchScreen_Generation = YES;
				INFOPLIST_KEY_UISupportedInterfaceOrientations_iPad = "UIInterfaceOrientationPortrait UIInterfaceOrientationPortraitUpsideDown UIInterfaceOrientationLandscapeLeft UIInterfaceOrientationLandscapeRight";
				INFOPLIST_KEY_UISupportedInterfaceOrientations_iPhone = "UIInterfaceOrientationPortrait UIInterfaceOrientationLandscapeLeft UIInterfaceOrientationLandscapeRight";
				LD_RUNPATH_SEARCH_PATHS = (
					"$(inherited)",
					"@executable_path/Frameworks",
				);
				MARKETING_VERSION = 1.0;
				PRODUCT_BUNDLE_IDENTIFIER = cs411.TicTacToe4;
				PRODUCT_NAME = "$(TARGET_NAME)";
				SWIFT_EMIT_LOC_STRINGS = YES;
				SWIFT_VERSION = 5.0;
				TARGETED_DEVICE_FAMILY = "1,2";
			};
			name = Debug;
		};
		7A53A7B829C23DC70069770E /* Release */ = {
			isa = XCBuildConfiguration;
			buildSettings = {
				ASSETCATALOG_COMPILER_APPICON_NAME = AppIcon;
				ASSETCATALOG_COMPILER_GLOBAL_ACCENT_COLOR_NAME = AccentColor;
				CODE_SIGN_STYLE = Automatic;
				CURRENT_PROJECT_VERSION = 1;
				DEVELOPMENT_ASSET_PATHS = "\"TicTacToe4/Preview Content\"";
				ENABLE_PREVIEWS = YES;
				GENERATE_INFOPLIST_FILE = YES;
				INFOPLIST_KEY_UIApplicationSceneManifest_Generation = YES;
				INFOPLIST_KEY_UIApplicationSupportsIndirectInputEvents = YES;
				INFOPLIST_KEY_UILaunchScreen_Generation = YES;
				INFOPLIST_KEY_UISupportedInterfaceOrientations_iPad = "UIInterfaceOrientationPortrait UIInterfaceOrientationPortraitUpsideDown UIInterfaceOrientationLandscapeLeft UIInterfaceOrientationLandscapeRight";
				INFOPLIST_KEY_UISupportedInterfaceOrientations_iPhone = "UIInterfaceOrientationPortrait UIInterfaceOrientationLandscapeLeft UIInterfaceOrientationLandscapeRight";
				LD_RUNPATH_SEARCH_PATHS = (
					"$(inherited)",
					"@executable_path/Frameworks",
				);
				MARKETING_VERSION = 1.0;
				PRODUCT_BUNDLE_IDENTIFIER = cs411.TicTacToe4;
				PRODUCT_NAME = "$(TARGET_NAME)";
				SWIFT_EMIT_LOC_STRINGS = YES;
				SWIFT_VERSION = 5.0;
				TARGETED_DEVICE_FAMILY = "1,2";
			};
			name = Release;
		};
		7A53A7BA29C23DC70069770E /* Debug */ = {
			isa = XCBuildConfiguration;
			buildSettings = {
				ALWAYS_EMBED_SWIFT_STANDARD_LIBRARIES = YES;
				BUNDLE_LOADER = "$(TEST_HOST)";
				CODE_SIGN_STYLE = Automatic;
				CURRENT_PROJECT_VERSION = 1;
				GENERATE_INFOPLIST_FILE = YES;
				IPHONEOS_DEPLOYMENT_TARGET = 16.2;
				MARKETING_VERSION = 1.0;
				PRODUCT_BUNDLE_IDENTIFIER = cs411.TicTacToe4Tests;
				PRODUCT_NAME = "$(TARGET_NAME)";
				SWIFT_EMIT_LOC_STRINGS = NO;
				SWIFT_VERSION = 5.0;
				TARGETED_DEVICE_FAMILY = "1,2";
				TEST_HOST = "$(BUILT_PRODUCTS_DIR)/TicTacToe4.app/$(BUNDLE_EXECUTABLE_FOLDER_PATH)/TicTacToe4";
			};
			name = Debug;
		};
		7A53A7BB29C23DC70069770E /* Release */ = {
			isa = XCBuildConfiguration;
			buildSettings = {
				ALWAYS_EMBED_SWIFT_STANDARD_LIBRARIES = YES;
				BUNDLE_LOADER = "$(TEST_HOST)";
				CODE_SIGN_STYLE = Automatic;
				CURRENT_PROJECT_VERSION = 1;
				GENERATE_INFOPLIST_FILE = YES;
				IPHONEOS_DEPLOYMENT_TARGET = 16.2;
				MARKETING_VERSION = 1.0;
				PRODUCT_BUNDLE_IDENTIFIER = cs411.TicTacToe4Tests;
				PRODUCT_NAME = "$(TARGET_NAME)";
				SWIFT_EMIT_LOC_STRINGS = NO;
				SWIFT_VERSION = 5.0;
				TARGETED_DEVICE_FAMILY = "1,2";
				TEST_HOST = "$(BUILT_PRODUCTS_DIR)/TicTacToe4.app/$(BUNDLE_EXECUTABLE_FOLDER_PATH)/TicTacToe4";
			};
			name = Release;
		};
		7A53A7BD29C23DC70069770E /* Debug */ = {
			isa = XCBuildConfiguration;
			buildSettings = {
				ALWAYS_EMBED_SWIFT_STANDARD_LIBRARIES = YES;
				CODE_SIGN_STYLE = Automatic;
				CURRENT_PROJECT_VERSION = 1;
				GENERATE_INFOPLIST_FILE = YES;
				MARKETING_VERSION = 1.0;
				PRODUCT_BUNDLE_IDENTIFIER = cs411.TicTacToe4UITests;
				PRODUCT_NAME = "$(TARGET_NAME)";
				SWIFT_EMIT_LOC_STRINGS = NO;
				SWIFT_VERSION = 5.0;
				TARGETED_DEVICE_FAMILY = "1,2";
				TEST_TARGET_NAME = TicTacToe4;
			};
			name = Debug;
		};
		7A53A7BE29C23DC70069770E /* Release */ = {
			isa = XCBuildConfiguration;
			buildSettings = {
				ALWAYS_EMBED_SWIFT_STANDARD_LIBRARIES = YES;
				CODE_SIGN_STYLE = Automatic;
				CURRENT_PROJECT_VERSION = 1;
				GENERATE_INFOPLIST_FILE = YES;
				MARKETING_VERSION = 1.0;
				PRODUCT_BUNDLE_IDENTIFIER = cs411.TicTacToe4UITests;
				PRODUCT_NAME = "$(TARGET_NAME)";
				SWIFT_EMIT_LOC_STRINGS = NO;
				SWIFT_VERSION = 5.0;
				TARGETED_DEVICE_FAMILY = "1,2";
				TEST_TARGET_NAME = TicTacToe4;
			};
			name = Release;
		};
/* End XCBuildConfiguration section */

/* Begin XCConfigurationList section */
		7A53A78D29C23DC50069770E /* Build configuration list for PBXProject "TicTacToe4" */ = {
			isa = XCConfigurationList;
			buildConfigurations = (
				7A53A7B429C23DC70069770E /* Debug */,
				7A53A7B529C23DC70069770E /* Release */,
			);
			defaultConfigurationIsVisible = 0;
			defaultConfigurationName = Release;
		};
		7A53A7B629C23DC70069770E /* Build configuration list for PBXNativeTarget "TicTacToe4" */ = {
			isa = XCConfigurationList;
			buildConfigurations = (
				7A53A7B729C23DC70069770E /* Debug */,
				7A53A7B829C23DC70069770E /* Release */,
			);
			defaultConfigurationIsVisible = 0;
			defaultConfigurationName = Release;
		};
		7A53A7B929C23DC70069770E /* Build configuration list for PBXNativeTarget "TicTacToe4Tests" */ = {
			isa = XCConfigurationList;
			buildConfigurations = (
				7A53A7BA29C23DC70069770E /* Debug */,
				7A53A7BB29C23DC70069770E /* Release */,
			);
			defaultConfigurationIsVisible = 0;
			defaultConfigurationName = Release;
		};
		7A53A7BC29C23DC70069770E /* Build configuration list for PBXNativeTarget "TicTacToe4UITests" */ = {
			isa = XCConfigurationList;
			buildConfigurations = (
				7A53A7BD29C23DC70069770E /* Debug */,
				7A53A7BE29C23DC70069770E /* Release */,
			);
			defaultConfigurationIsVisible = 0;
			defaultConfigurationName = Release;
		};
/* End XCConfigurationList section */
	};
	rootObject = 7A53A78A29C23DC50069770E /* Project object */;
}
