// !$*UTF8*$!
{
	archiveVersion = 1;
	classes = {
	};
	objectVersion = 56;
	objects = {

/* Begin PBXBuildFile section */
		7A9A75622985E89F00653A58 /* AppDelegate.m in Sources */ = {isa = PBXBuildFile; fileRef = 7A9A75612985E89F00653A58 /* AppDelegate.m */; };
		7A9A75652985E89F00653A58 /* SceneDelegate.m in Sources */ = {isa = PBXBuildFile; fileRef = 7A9A75642985E89F00653A58 /* SceneDelegate.m */; };
		7A9A75682985E89F00653A58 /* ViewController.m in Sources */ = {isa = PBXBuildFile; fileRef = 7A9A75672985E89F00653A58 /* ViewController.m */; };
		7A9A756B2985E89F00653A58 /* Main.storyboard in Resources */ = {isa = PBXBuildFile; fileRef = 7A9A75692985E89F00653A58 /* Main.storyboard */; };
		7A9A756D2985E8A300653A58 /* Assets.xcassets in Resources */ = {isa = PBXBuildFile; fileRef = 7A9A756C2985E8A300653A58 /* Assets.xcassets */; };
		7A9A75702985E8A300653A58 /* LaunchScreen.storyboard in Resources */ = {isa = PBXBuildFile; fileRef = 7A9A756E2985E8A300653A58 /* LaunchScreen.storyboard */; };
		7A9A75732985E8A300653A58 /* main.m in Sources */ = {isa = PBXBuildFile; fileRef = 7A9A75722985E8A300653A58 /* main.m */; };
		7A9A757D2985E8A300653A58 /* first_appTests.m in Sources */ = {isa = PBXBuildFile; fileRef = 7A9A757C2985E8A300653A58 /* first_appTests.m */; };
		7A9A75872985E8A300653A58 /* first_appUITests.m in Sources */ = {isa = PBXBuildFile; fileRef = 7A9A75862985E8A300653A58 /* first_appUITests.m */; };
		7A9A75892985E8A300653A58 /* first_appUITestsLaunchTests.m in Sources */ = {isa = PBXBuildFile; fileRef = 7A9A75882985E8A300653A58 /* first_appUITestsLaunchTests.m */; };
/* End PBXBuildFile section */

/* Begin PBXContainerItemProxy section */
		7A9A75792985E8A300653A58 /* PBXContainerItemProxy */ = {
			isa = PBXContainerItemProxy;
			containerPortal = 7A9A75552985E89F00653A58 /* Project object */;
			proxyType = 1;
			remoteGlobalIDString = 7A9A755C2985E89F00653A58;
			remoteInfo = first_app;
		};
		7A9A75832985E8A300653A58 /* PBXContainerItemProxy */ = {
			isa = PBXContainerItemProxy;
			containerPortal = 7A9A75552985E89F00653A58 /* Project object */;
			proxyType = 1;
			remoteGlobalIDString = 7A9A755C2985E89F00653A58;
			remoteInfo = first_app;
		};
/* End PBXContainerItemProxy section */

/* Begin PBXFileReference section */
		7A9A755D2985E89F00653A58 /* first_app.app */ = {isa = PBXFileReference; explicitFileType = wrapper.application; includeInIndex = 0; path = first_app.app; sourceTree = BUILT_PRODUCTS_DIR; };
		7A9A75602985E89F00653A58 /* AppDelegate.h */ = {isa = PBXFileReference; lastKnownFileType = sourcecode.c.h; path = AppDelegate.h; sourceTree = "<group>"; };
		7A9A75612985E89F00653A58 /* AppDelegate.m */ = {isa = PBXFileReference; lastKnownFileType = sourcecode.c.objc; path = AppDelegate.m; sourceTree = "<group>"; };
		7A9A75632985E89F00653A58 /* SceneDelegate.h */ = {isa = PBXFileReference; lastKnownFileType = sourcecode.c.h; path = SceneDelegate.h; sourceTree = "<group>"; };
		7A9A75642985E89F00653A58 /* SceneDelegate.m */ = {isa = PBXFileReference; lastKnownFileType = sourcecode.c.objc; path = SceneDelegate.m; sourceTree = "<group>"; };
		7A9A75662985E89F00653A58 /* ViewController.h */ = {isa = PBXFileReference; lastKnownFileType = sourcecode.c.h; path = ViewController.h; sourceTree = "<group>"; };
		7A9A75672985E89F00653A58 /* ViewController.m */ = {isa = PBXFileReference; lastKnownFileType = sourcecode.c.objc; path = ViewController.m; sourceTree = "<group>"; };
		7A9A756A2985E89F00653A58 /* Base */ = {isa = PBXFileReference; lastKnownFileType = file.storyboard; name = Base; path = Base.lproj/Main.storyboard; sourceTree = "<group>"; };
		7A9A756C2985E8A300653A58 /* Assets.xcassets */ = {isa = PBXFileReference; lastKnownFileType = folder.assetcatalog; path = Assets.xcassets; sourceTree = "<group>"; };
		7A9A756F2985E8A300653A58 /* Base */ = {isa = PBXFileReference; lastKnownFileType = file.storyboard; name = Base; path = Base.lproj/LaunchScreen.storyboard; sourceTree = "<group>"; };
		7A9A75712985E8A300653A58 /* Info.plist */ = {isa = PBXFileReference; lastKnownFileType = text.plist.xml; path = Info.plist; sourceTree = "<group>"; };
		7A9A75722985E8A300653A58 /* main.m */ = {isa = PBXFileReference; lastKnownFileType = sourcecode.c.objc; path = main.m; sourceTree = "<group>"; };
		7A9A75782985E8A300653A58 /* first_appTests.xctest */ = {isa = PBXFileReference; explicitFileType = wrapper.cfbundle; includeInIndex = 0; path = first_appTests.xctest; sourceTree = BUILT_PRODUCTS_DIR; };
		7A9A757C2985E8A300653A58 /* first_appTests.m */ = {isa = PBXFileReference; lastKnownFileType = sourcecode.c.objc; path = first_appTests.m; sourceTree = "<group>"; };
		7A9A75822985E8A300653A58 /* first_appUITests.xctest */ = {isa = PBXFileReference; explicitFileType = wrapper.cfbundle; includeInIndex = 0; path = first_appUITests.xctest; sourceTree = BUILT_PRODUCTS_DIR; };
		7A9A75862985E8A300653A58 /* first_appUITests.m */ = {isa = PBXFileReference; lastKnownFileType = sourcecode.c.objc; path = first_appUITests.m; sourceTree = "<group>"; };
		7A9A75882985E8A300653A58 /* first_appUITestsLaunchTests.m */ = {isa = PBXFileReference; lastKnownFileType = sourcecode.c.objc; path = first_appUITestsLaunchTests.m; sourceTree = "<group>"; };
/* End PBXFileReference section */

/* Begin PBXFrameworksBuildPhase section */
		7A9A755A2985E89F00653A58 /* Frameworks */ = {
			isa = PBXFrameworksBuildPhase;
			buildActionMask = 2147483647;
			files = (
			);
			runOnlyForDeploymentPostprocessing = 0;
		};
		7A9A75752985E8A300653A58 /* Frameworks */ = {
			isa = PBXFrameworksBuildPhase;
			buildActionMask = 2147483647;
			files = (
			);
			runOnlyForDeploymentPostprocessing = 0;
		};
		7A9A757F2985E8A300653A58 /* Frameworks */ = {
			isa = PBXFrameworksBuildPhase;
			buildActionMask = 2147483647;
			files = (
			);
			runOnlyForDeploymentPostprocessing = 0;
		};
/* End PBXFrameworksBuildPhase section */

/* Begin PBXGroup section */
		7A9A75542985E89F00653A58 = {
			isa = PBXGroup;
			children = (
				7A9A755F2985E89F00653A58 /* first_app */,
				7A9A757B2985E8A300653A58 /* first_appTests */,
				7A9A75852985E8A300653A58 /* first_appUITests */,
				7A9A755E2985E89F00653A58 /* Products */,
			);
			sourceTree = "<group>";
		};
		7A9A755E2985E89F00653A58 /* Products */ = {
			isa = PBXGroup;
			children = (
				7A9A755D2985E89F00653A58 /* first_app.app */,
				7A9A75782985E8A300653A58 /* first_appTests.xctest */,
				7A9A75822985E8A300653A58 /* first_appUITests.xctest */,
			);
			name = Products;
			sourceTree = "<group>";
		};
		7A9A755F2985E89F00653A58 /* first_app */ = {
			isa = PBXGroup;
			children = (
				7A9A75602985E89F00653A58 /* AppDelegate.h */,
				7A9A75612985E89F00653A58 /* AppDelegate.m */,
				7A9A75632985E89F00653A58 /* SceneDelegate.h */,
				7A9A75642985E89F00653A58 /* SceneDelegate.m */,
				7A9A75662985E89F00653A58 /* ViewController.h */,
				7A9A75672985E89F00653A58 /* ViewController.m */,
				7A9A75692985E89F00653A58 /* Main.storyboard */,
				7A9A756C2985E8A300653A58 /* Assets.xcassets */,
				7A9A756E2985E8A300653A58 /* LaunchScreen.storyboard */,
				7A9A75712985E8A300653A58 /* Info.plist */,
				7A9A75722985E8A300653A58 /* main.m */,
			);
			path = first_app;
			sourceTree = "<group>";
		};
		7A9A757B2985E8A300653A58 /* first_appTests */ = {
			isa = PBXGroup;
			children = (
				7A9A757C2985E8A300653A58 /* first_appTests.m */,
			);
			path = first_appTests;
			sourceTree = "<group>";
		};
		7A9A75852985E8A300653A58 /* first_appUITests */ = {
			isa = PBXGroup;
			children = (
				7A9A75862985E8A300653A58 /* first_appUITests.m */,
				7A9A75882985E8A300653A58 /* first_appUITestsLaunchTests.m */,
			);
			path = first_appUITests;
			sourceTree = "<group>";
		};
/* End PBXGroup section */

/* Begin PBXNativeTarget section */
		7A9A755C2985E89F00653A58 /* first_app */ = {
			isa = PBXNativeTarget;
			buildConfigurationList = 7A9A758C2985E8A300653A58 /* Build configuration list for PBXNativeTarget "first_app" */;
			buildPhases = (
				7A9A75592985E89F00653A58 /* Sources */,
				7A9A755A2985E89F00653A58 /* Frameworks */,
				7A9A755B2985E89F00653A58 /* Resources */,
			);
			buildRules = (
			);
			dependencies = (
			);
			name = first_app;
			productName = first_app;
			productReference = 7A9A755D2985E89F00653A58 /* first_app.app */;
			productType = "com.apple.product-type.application";
		};
		7A9A75772985E8A300653A58 /* first_appTests */ = {
			isa = PBXNativeTarget;
			buildConfigurationList = 7A9A758F2985E8A300653A58 /* Build configuration list for PBXNativeTarget "first_appTests" */;
			buildPhases = (
				7A9A75742985E8A300653A58 /* Sources */,
				7A9A75752985E8A300653A58 /* Frameworks */,
				7A9A75762985E8A300653A58 /* Resources */,
			);
			buildRules = (
			);
			dependencies = (
				7A9A757A2985E8A300653A58 /* PBXTargetDependency */,
			);
			name = first_appTests;
			productName = first_appTests;
			productReference = 7A9A75782985E8A300653A58 /* first_appTests.xctest */;
			productType = "com.apple.product-type.bundle.unit-test";
		};
		7A9A75812985E8A300653A58 /* first_appUITests */ = {
			isa = PBXNativeTarget;
			buildConfigurationList = 7A9A75922985E8A300653A58 /* Build configuration list for PBXNativeTarget "first_appUITests" */;
			buildPhases = (
				7A9A757E2985E8A300653A58 /* Sources */,
				7A9A757F2985E8A300653A58 /* Frameworks */,
				7A9A75802985E8A300653A58 /* Resources */,
			);
			buildRules = (
			);
			dependencies = (
				7A9A75842985E8A300653A58 /* PBXTargetDependency */,
			);
			name = first_appUITests;
			productName = first_appUITests;
			productReference = 7A9A75822985E8A300653A58 /* first_appUITests.xctest */;
			productType = "com.apple.product-type.bundle.ui-testing";
		};
/* End PBXNativeTarget section */

/* Begin PBXProject section */
		7A9A75552985E89F00653A58 /* Project object */ = {
			isa = PBXProject;
			attributes = {
				BuildIndependentTargetsInParallel = 1;
				LastUpgradeCheck = 1420;
				TargetAttributes = {
					7A9A755C2985E89F00653A58 = {
						CreatedOnToolsVersion = 14.2;
					};
					7A9A75772985E8A300653A58 = {
						CreatedOnToolsVersion = 14.2;
						TestTargetID = 7A9A755C2985E89F00653A58;
					};
					7A9A75812985E8A300653A58 = {
						CreatedOnToolsVersion = 14.2;
						TestTargetID = 7A9A755C2985E89F00653A58;
					};
				};
			};
			buildConfigurationList = 7A9A75582985E89F00653A58 /* Build configuration list for PBXProject "first_app" */;
			compatibilityVersion = "Xcode 14.0";
			developmentRegion = en;
			hasScannedForEncodings = 0;
			knownRegions = (
				en,
				Base,
			);
			mainGroup = 7A9A75542985E89F00653A58;
			productRefGroup = 7A9A755E2985E89F00653A58 /* Products */;
			projectDirPath = "";
			projectRoot = "";
			targets = (
				7A9A755C2985E89F00653A58 /* first_app */,
				7A9A75772985E8A300653A58 /* first_appTests */,
				7A9A75812985E8A300653A58 /* first_appUITests */,
			);
		};
/* End PBXProject section */

/* Begin PBXResourcesBuildPhase section */
		7A9A755B2985E89F00653A58 /* Resources */ = {
			isa = PBXResourcesBuildPhase;
			buildActionMask = 2147483647;
			files = (
				7A9A75702985E8A300653A58 /* LaunchScreen.storyboard in Resources */,
				7A9A756D2985E8A300653A58 /* Assets.xcassets in Resources */,
				7A9A756B2985E89F00653A58 /* Main.storyboard in Resources */,
			);
			runOnlyForDeploymentPostprocessing = 0;
		};
		7A9A75762985E8A300653A58 /* Resources */ = {
			isa = PBXResourcesBuildPhase;
			buildActionMask = 2147483647;
			files = (
			);
			runOnlyForDeploymentPostprocessing = 0;
		};
		7A9A75802985E8A300653A58 /* Resources */ = {
			isa = PBXResourcesBuildPhase;
			buildActionMask = 2147483647;
			files = (
			);
			runOnlyForDeploymentPostprocessing = 0;
		};
/* End PBXResourcesBuildPhase section */

/* Begin PBXSourcesBuildPhase section */
		7A9A75592985E89F00653A58 /* Sources */ = {
			isa = PBXSourcesBuildPhase;
			buildActionMask = 2147483647;
			files = (
				7A9A75682985E89F00653A58 /* ViewController.m in Sources */,
				7A9A75622985E89F00653A58 /* AppDelegate.m in Sources */,
				7A9A75732985E8A300653A58 /* main.m in Sources */,
				7A9A75652985E89F00653A58 /* SceneDelegate.m in Sources */,
			);
			runOnlyForDeploymentPostprocessing = 0;
		};
		7A9A75742985E8A300653A58 /* Sources */ = {
			isa = PBXSourcesBuildPhase;
			buildActionMask = 2147483647;
			files = (
				7A9A757D2985E8A300653A58 /* first_appTests.m in Sources */,
			);
			runOnlyForDeploymentPostprocessing = 0;
		};
		7A9A757E2985E8A300653A58 /* Sources */ = {
			isa = PBXSourcesBuildPhase;
			buildActionMask = 2147483647;
			files = (
				7A9A75872985E8A300653A58 /* first_appUITests.m in Sources */,
				7A9A75892985E8A300653A58 /* first_appUITestsLaunchTests.m in Sources */,
			);
			runOnlyForDeploymentPostprocessing = 0;
		};
/* End PBXSourcesBuildPhase section */

/* Begin PBXTargetDependency section */
		7A9A757A2985E8A300653A58 /* PBXTargetDependency */ = {
			isa = PBXTargetDependency;
			target = 7A9A755C2985E89F00653A58 /* first_app */;
			targetProxy = 7A9A75792985E8A300653A58 /* PBXContainerItemProxy */;
		};
		7A9A75842985E8A300653A58 /* PBXTargetDependency */ = {
			isa = PBXTargetDependency;
			target = 7A9A755C2985E89F00653A58 /* first_app */;
			targetProxy = 7A9A75832985E8A300653A58 /* PBXContainerItemProxy */;
		};
/* End PBXTargetDependency section */

/* Begin PBXVariantGroup section */
		7A9A75692985E89F00653A58 /* Main.storyboard */ = {
			isa = PBXVariantGroup;
			children = (
				7A9A756A2985E89F00653A58 /* Base */,
			);
			name = Main.storyboard;
			sourceTree = "<group>";
		};
		7A9A756E2985E8A300653A58 /* LaunchScreen.storyboard */ = {
			isa = PBXVariantGroup;
			children = (
				7A9A756F2985E8A300653A58 /* Base */,
			);
			name = LaunchScreen.storyboard;
			sourceTree = "<group>";
		};
/* End PBXVariantGroup section */

/* Begin XCBuildConfiguration section */
		7A9A758A2985E8A300653A58 /* Debug */ = {
			isa = XCBuildConfiguration;
			buildSettings = {
				ALWAYS_SEARCH_USER_PATHS = NO;
				CLANG_ANALYZER_NONNULL = YES;
				CLANG_ANALYZER_NUMBER_OBJECT_CONVERSION = YES_AGGRESSIVE;
				CLANG_CXX_LANGUAGE_STANDARD = "gnu++20";
				CLANG_ENABLE_MODULES = YES;
				CLANG_ENABLE_OBJC_ARC = YES;
				CLANG_ENABLE_OBJC_WEAK = YES;
				CLANG_WARN_BLOCK_CAPTURE_AUTORELEASING = YES;
				CLANG_WARN_BOOL_CONVERSION = YES;
				CLANG_WARN_COMMA = YES;
				CLANG_WARN_CONSTANT_CONVERSION = YES;
				CLANG_WARN_DEPRECATED_OBJC_IMPLEMENTATIONS = YES;
				CLANG_WARN_DIRECT_OBJC_ISA_USAGE = YES_ERROR;
				CLANG_WARN_DOCUMENTATION_COMMENTS = YES;
				CLANG_WARN_EMPTY_BODY = YES;
				CLANG_WARN_ENUM_CONVERSION = YES;
				CLANG_WARN_INFINITE_RECURSION = YES;
				CLANG_WARN_INT_CONVERSION = YES;
				CLANG_WARN_NON_LITERAL_NULL_CONVERSION = YES;
				CLANG_WARN_OBJC_IMPLICIT_RETAIN_SELF = YES;
				CLANG_WARN_OBJC_LITERAL_CONVERSION = YES;
				CLANG_WARN_OBJC_ROOT_CLASS = YES_ERROR;
				CLANG_WARN_QUOTED_INCLUDE_IN_FRAMEWORK_HEADER = YES;
				CLANG_WARN_RANGE_LOOP_ANALYSIS = YES;
				CLANG_WARN_STRICT_PROTOTYPES = YES;
				CLANG_WARN_SUSPICIOUS_MOVE = YES;
				CLANG_WARN_UNGUARDED_AVAILABILITY = YES_AGGRESSIVE;
				CLANG_WARN_UNREACHABLE_CODE = YES;
				CLANG_WARN__DUPLICATE_METHOD_MATCH = YES;
				COPY_PHASE_STRIP = NO;
				DEBUG_INFORMATION_FORMAT = dwarf;
				ENABLE_STRICT_OBJC_MSGSEND = YES;
				ENABLE_TESTABILITY = YES;
				GCC_C_LANGUAGE_STANDARD = gnu11;
				GCC_DYNAMIC_NO_PIC = NO;
				GCC_NO_COMMON_BLOCKS = YES;
				GCC_OPTIMIZATION_LEVEL = 0;
				GCC_PREPROCESSOR_DEFINITIONS = (
					"DEBUG=1",
					"$(inherited)",
				);
				GCC_WARN_64_TO_32_BIT_CONVERSION = YES;
				GCC_WARN_ABOUT_RETURN_TYPE = YES_ERROR;
				GCC_WARN_UNDECLARED_SELECTOR = YES;
				GCC_WARN_UNINITIALIZED_AUTOS = YES_AGGRESSIVE;
				GCC_WARN_UNUSED_FUNCTION = YES;
				GCC_WARN_UNUSED_VARIABLE = YES;
				IPHONEOS_DEPLOYMENT_TARGET = 16.2;
				MTL_ENABLE_DEBUG_INFO = INCLUDE_SOURCE;
				MTL_FAST_MATH = YES;
				ONLY_ACTIVE_ARCH = YES;
				SDKROOT = iphoneos;
			};
			name = Debug;
		};
		7A9A758B2985E8A300653A58 /* Release */ = {
			isa = XCBuildConfiguration;
			buildSettings = {
				ALWAYS_SEARCH_USER_PATHS = NO;
				CLANG_ANALYZER_NONNULL = YES;
				CLANG_ANALYZER_NUMBER_OBJECT_CONVERSION = YES_AGGRESSIVE;
				CLANG_CXX_LANGUAGE_STANDARD = "gnu++20";
				CLANG_ENABLE_MODULES = YES;
				CLANG_ENABLE_OBJC_ARC = YES;
				CLANG_ENABLE_OBJC_WEAK = YES;
				CLANG_WARN_BLOCK_CAPTURE_AUTORELEASING = YES;
				CLANG_WARN_BOOL_CONVERSION = YES;
				CLANG_WARN_COMMA = YES;
				CLANG_WARN_CONSTANT_CONVERSION = YES;
				CLANG_WARN_DEPRECATED_OBJC_IMPLEMENTATIONS = YES;
				CLANG_WARN_DIRECT_OBJC_ISA_USAGE = YES_ERROR;
				CLANG_WARN_DOCUMENTATION_COMMENTS = YES;
				CLANG_WARN_EMPTY_BODY = YES;
				CLANG_WARN_ENUM_CONVERSION = YES;
				CLANG_WARN_INFINITE_RECURSION = YES;
				CLANG_WARN_INT_CONVERSION = YES;
				CLANG_WARN_NON_LITERAL_NULL_CONVERSION = YES;
				CLANG_WARN_OBJC_IMPLICIT_RETAIN_SELF = YES;
				CLANG_WARN_OBJC_LITERAL_CONVERSION = YES;
				CLANG_WARN_OBJC_ROOT_CLASS = YES_ERROR;
				CLANG_WARN_QUOTED_INCLUDE_IN_FRAMEWORK_HEADER = YES;
				CLANG_WARN_RANGE_LOOP_ANALYSIS = YES;
				CLANG_WARN_STRICT_PROTOTYPES = YES;
				CLANG_WARN_SUSPICIOUS_MOVE = YES;
				CLANG_WARN_UNGUARDED_AVAILABILITY = YES_AGGRESSIVE;
				CLANG_WARN_UNREACHABLE_CODE = YES;
				CLANG_WARN__DUPLICATE_METHOD_MATCH = YES;
				COPY_PHASE_STRIP = NO;
				DEBUG_INFORMATION_FORMAT = "dwarf-with-dsym";
				ENABLE_NS_ASSERTIONS = NO;
				ENABLE_STRICT_OBJC_MSGSEND = YES;
				GCC_C_LANGUAGE_STANDARD = gnu11;
				GCC_NO_COMMON_BLOCKS = YES;
				GCC_WARN_64_TO_32_BIT_CONVERSION = YES;
				GCC_WARN_ABOUT_RETURN_TYPE = YES_ERROR;
				GCC_WARN_UNDECLARED_SELECTOR = YES;
				GCC_WARN_UNINITIALIZED_AUTOS = YES_AGGRESSIVE;
				GCC_WARN_UNUSED_FUNCTION = YES;
				GCC_WARN_UNUSED_VARIABLE = YES;
				IPHONEOS_DEPLOYMENT_TARGET = 16.2;
				MTL_ENABLE_DEBUG_INFO = NO;
				MTL_FAST_MATH = YES;
				SDKROOT = iphoneos;
				VALIDATE_PRODUCT = YES;
			};
			name = Release;
		};
		7A9A758D2985E8A300653A58 /* Debug */ = {
			isa = XCBuildConfiguration;
			buildSettings = {
				ASSETCATALOG_COMPILER_APPICON_NAME = AppIcon;
				ASSETCATALOG_COMPILER_GLOBAL_ACCENT_COLOR_NAME = AccentColor;
				CODE_SIGN_STYLE = Automatic;
				CURRENT_PROJECT_VERSION = 1;
				GENERATE_INFOPLIST_FILE = YES;
				INFOPLIST_FILE = first_app/Info.plist;
				INFOPLIST_KEY_UIApplicationSupportsIndirectInputEvents = YES;
				INFOPLIST_KEY_UILaunchStoryboardName = LaunchScreen;
				INFOPLIST_KEY_UIMainStoryboardFile = Main;
				INFOPLIST_KEY_UISupportedInterfaceOrientations_iPad = "UIInterfaceOrientationPortrait UIInterfaceOrientationPortraitUpsideDown UIInterfaceOrientationLandscapeLeft UIInterfaceOrientationLandscapeRight";
				INFOPLIST_KEY_UISupportedInterfaceOrientations_iPhone = "UIInterfaceOrientationPortrait UIInterfaceOrientationLandscapeLeft UIInterfaceOrientationLandscapeRight";
				LD_RUNPATH_SEARCH_PATHS = (
					"$(inherited)",
					"@executable_path/Frameworks",
				);
				MARKETING_VERSION = 1.0;
				PRODUCT_BUNDLE_IDENTIFIER = "cs411.first-app";
				PRODUCT_NAME = "$(TARGET_NAME)";
				SWIFT_EMIT_LOC_STRINGS = YES;
				TARGETED_DEVICE_FAMILY = "1,2";
			};
			name = Debug;
		};
		7A9A758E2985E8A300653A58 /* Release */ = {
			isa = XCBuildConfiguration;
			buildSettings = {
				ASSETCATALOG_COMPILER_APPICON_NAME = AppIcon;
				ASSETCATALOG_COMPILER_GLOBAL_ACCENT_COLOR_NAME = AccentColor;
				CODE_SIGN_STYLE = Automatic;
				CURRENT_PROJECT_VERSION = 1;
				GENERATE_INFOPLIST_FILE = YES;
				INFOPLIST_FILE = first_app/Info.plist;
				INFOPLIST_KEY_UIApplicationSupportsIndirectInputEvents = YES;
				INFOPLIST_KEY_UILaunchStoryboardName = LaunchScreen;
				INFOPLIST_KEY_UIMainStoryboardFile = Main;
				INFOPLIST_KEY_UISupportedInterfaceOrientations_iPad = "UIInterfaceOrientationPortrait UIInterfaceOrientationPortraitUpsideDown UIInterfaceOrientationLandscapeLeft UIInterfaceOrientationLandscapeRight";
				INFOPLIST_KEY_UISupportedInterfaceOrientations_iPhone = "UIInterfaceOrientationPortrait UIInterfaceOrientationLandscapeLeft UIInterfaceOrientationLandscapeRight";
				LD_RUNPATH_SEARCH_PATHS = (
					"$(inherited)",
					"@executable_path/Frameworks",
				);
				MARKETING_VERSION = 1.0;
				PRODUCT_BUNDLE_IDENTIFIER = "cs411.first-app";
				PRODUCT_NAME = "$(TARGET_NAME)";
				SWIFT_EMIT_LOC_STRINGS = YES;
				TARGETED_DEVICE_FAMILY = "1,2";
			};
			name = Release;
		};
		7A9A75902985E8A300653A58 /* Debug */ = {
			isa = XCBuildConfiguration;
			buildSettings = {
				BUNDLE_LOADER = "$(TEST_HOST)";
				CODE_SIGN_STYLE = Automatic;
				CURRENT_PROJECT_VERSION = 1;
				GENERATE_INFOPLIST_FILE = YES;
				IPHONEOS_DEPLOYMENT_TARGET = 16.2;
				MARKETING_VERSION = 1.0;
				PRODUCT_BUNDLE_IDENTIFIER = "cs411.first-appTests";
				PRODUCT_NAME = "$(TARGET_NAME)";
				SWIFT_EMIT_LOC_STRINGS = NO;
				TARGETED_DEVICE_FAMILY = "1,2";
				TEST_HOST = "$(BUILT_PRODUCTS_DIR)/first_app.app/$(BUNDLE_EXECUTABLE_FOLDER_PATH)/first_app";
			};
			name = Debug;
		};
		7A9A75912985E8A300653A58 /* Release */ = {
			isa = XCBuildConfiguration;
			buildSettings = {
				BUNDLE_LOADER = "$(TEST_HOST)";
				CODE_SIGN_STYLE = Automatic;
				CURRENT_PROJECT_VERSION = 1;
				GENERATE_INFOPLIST_FILE = YES;
				IPHONEOS_DEPLOYMENT_TARGET = 16.2;
				MARKETING_VERSION = 1.0;
				PRODUCT_BUNDLE_IDENTIFIER = "cs411.first-appTests";
				PRODUCT_NAME = "$(TARGET_NAME)";
				SWIFT_EMIT_LOC_STRINGS = NO;
				TARGETED_DEVICE_FAMILY = "1,2";
				TEST_HOST = "$(BUILT_PRODUCTS_DIR)/first_app.app/$(BUNDLE_EXECUTABLE_FOLDER_PATH)/first_app";
			};
			name = Release;
		};
		7A9A75932985E8A300653A58 /* Debug */ = {
			isa = XCBuildConfiguration;
			buildSettings = {
				CODE_SIGN_STYLE = Automatic;
				CURRENT_PROJECT_VERSION = 1;
				GENERATE_INFOPLIST_FILE = YES;
				MARKETING_VERSION = 1.0;
				PRODUCT_BUNDLE_IDENTIFIER = "cs411.first-appUITests";
				PRODUCT_NAME = "$(TARGET_NAME)";
				SWIFT_EMIT_LOC_STRINGS = NO;
				TARGETED_DEVICE_FAMILY = "1,2";
				TEST_TARGET_NAME = first_app;
			};
			name = Debug;
		};
		7A9A75942985E8A300653A58 /* Release */ = {
			isa = XCBuildConfiguration;
			buildSettings = {
				CODE_SIGN_STYLE = Automatic;
				CURRENT_PROJECT_VERSION = 1;
				GENERATE_INFOPLIST_FILE = YES;
				MARKETING_VERSION = 1.0;
				PRODUCT_BUNDLE_IDENTIFIER = "cs411.first-appUITests";
				PRODUCT_NAME = "$(TARGET_NAME)";
				SWIFT_EMIT_LOC_STRINGS = NO;
				TARGETED_DEVICE_FAMILY = "1,2";
				TEST_TARGET_NAME = first_app;
			};
			name = Release;
		};
/* End XCBuildConfiguration section */

/* Begin XCConfigurationList section */
		7A9A75582985E89F00653A58 /* Build configuration list for PBXProject "first_app" */ = {
			isa = XCConfigurationList;
			buildConfigurations = (
				7A9A758A2985E8A300653A58 /* Debug */,
				7A9A758B2985E8A300653A58 /* Release */,
			);
			defaultConfigurationIsVisible = 0;
			defaultConfigurationName = Release;
		};
		7A9A758C2985E8A300653A58 /* Build configuration list for PBXNativeTarget "first_app" */ = {
			isa = XCConfigurationList;
			buildConfigurations = (
				7A9A758D2985E8A300653A58 /* Debug */,
				7A9A758E2985E8A300653A58 /* Release */,
			);
			defaultConfigurationIsVisible = 0;
			defaultConfigurationName = Release;
		};
		7A9A758F2985E8A300653A58 /* Build configuration list for PBXNativeTarget "first_appTests" */ = {
			isa = XCConfigurationList;
			buildConfigurations = (
				7A9A75902985E8A300653A58 /* Debug */,
				7A9A75912985E8A300653A58 /* Release */,
			);
			defaultConfigurationIsVisible = 0;
			defaultConfigurationName = Release;
		};
		7A9A75922985E8A300653A58 /* Build configuration list for PBXNativeTarget "first_appUITests" */ = {
			isa = XCConfigurationList;
			buildConfigurations = (
				7A9A75932985E8A300653A58 /* Debug */,
				7A9A75942985E8A300653A58 /* Release */,
			);
			defaultConfigurationIsVisible = 0;
			defaultConfigurationName = Release;
		};
/* End XCConfigurationList section */
	};
	rootObject = 7A9A75552985E89F00653A58 /* Project object */;
}
