// !$*UTF8*$!
{
	archiveVersion = 1;
	classes = {
	};
	objectVersion = 56;
	objects = {

/* Begin PBXBuildFile section */
		7ADEAA8C29D94CDF00F3678C /* EdutainmentApp.swift in Sources */ = {isa = PBXBuildFile; fileRef = 7ADEAA8B29D94CDF00F3678C /* EdutainmentApp.swift */; };
		7ADEAA8E29D94CDF00F3678C /* ContentView.swift in Sources */ = {isa = PBXBuildFile; fileRef = 7ADEAA8D29D94CDF00F3678C /* ContentView.swift */; };
		7ADEAA9029D94CE100F3678C /* Assets.xcassets in Resources */ = {isa = PBXBuildFile; fileRef = 7ADEAA8F29D94CE100F3678C /* Assets.xcassets */; };
		7ADEAA9329D94CE100F3678C /* Preview Assets.xcassets in Resources */ = {isa = PBXBuildFile; fileRef = 7ADEAA9229D94CE100F3678C /* Preview Assets.xcassets */; };
		7ADEAA9D29D94CE100F3678C /* EdutainmentTests.swift in Sources */ = {isa = PBXBuildFile; fileRef = 7ADEAA9C29D94CE100F3678C /* EdutainmentTests.swift */; };
		7ADEAAA729D94CE100F3678C /* EdutainmentUITests.swift in Sources */ = {isa = PBXBuildFile; fileRef = 7ADEAAA629D94CE100F3678C /* EdutainmentUITests.swift */; };
		7ADEAAA929D94CE100F3678C /* EdutainmentUITestsLaunchTests.swift in Sources */ = {isa = PBXBuildFile; fileRef = 7ADEAAA829D94CE100F3678C /* EdutainmentUITestsLaunchTests.swift */; };
/* End PBXBuildFile section */

/* Begin PBXContainerItemProxy section */
		7ADEAA9929D94CE100F3678C /* PBXContainerItemProxy */ = {
			isa = PBXContainerItemProxy;
			containerPortal = 7ADEAA8029D94CDF00F3678C /* Project object */;
			proxyType = 1;
			remoteGlobalIDString = 7ADEAA8729D94CDF00F3678C;
			remoteInfo = Edutainment;
		};
		7ADEAAA329D94CE100F3678C /* PBXContainerItemProxy */ = {
			isa = PBXContainerItemProxy;
			containerPortal = 7ADEAA8029D94CDF00F3678C /* Project object */;
			proxyType = 1;
			remoteGlobalIDString = 7ADEAA8729D94CDF00F3678C;
			remoteInfo = Edutainment;
		};
/* End PBXContainerItemProxy section */

/* Begin PBXFileReference section */
		7ADEAA8829D94CDF00F3678C /* Edutainment.app */ = {isa = PBXFileReference; explicitFileType = wrapper.application; includeInIndex = 0; path = Edutainment.app; sourceTree = BUILT_PRODUCTS_DIR; };
		7ADEAA8B29D94CDF00F3678C /* EdutainmentApp.swift */ = {isa = PBXFileReference; lastKnownFileType = sourcecode.swift; path = EdutainmentApp.swift; sourceTree = "<group>"; };
		7ADEAA8D29D94CDF00F3678C /* ContentView.swift */ = {isa = PBXFileReference; lastKnownFileType = sourcecode.swift; path = ContentView.swift; sourceTree = "<group>"; };
		7ADEAA8F29D94CE100F3678C /* Assets.xcassets */ = {isa = PBXFileReference; lastKnownFileType = folder.assetcatalog; path = Assets.xcassets; sourceTree = "<group>"; };
		7ADEAA9229D94CE100F3678C /* Preview Assets.xcassets */ = {isa = PBXFileReference; lastKnownFileType = folder.assetcatalog; path = "Preview Assets.xcassets"; sourceTree = "<group>"; };
		7ADEAA9829D94CE100F3678C /* EdutainmentTests.xctest */ = {isa = PBXFileReference; explicitFileType = wrapper.cfbundle; includeInIndex = 0; path = EdutainmentTests.xctest; sourceTree = BUILT_PRODUCTS_DIR; };
		7ADEAA9C29D94CE100F3678C /* EdutainmentTests.swift */ = {isa = PBXFileReference; lastKnownFileType = sourcecode.swift; path = EdutainmentTests.swift; sourceTree = "<group>"; };
		7ADEAAA229D94CE100F3678C /* EdutainmentUITests.xctest */ = {isa = PBXFileReference; explicitFileType = wrapper.cfbundle; includeInIndex = 0; path = EdutainmentUITests.xctest; sourceTree = BUILT_PRODUCTS_DIR; };
		7ADEAAA629D94CE100F3678C /* EdutainmentUITests.swift */ = {isa = PBXFileReference; lastKnownFileType = sourcecode.swift; path = EdutainmentUITests.swift; sourceTree = "<group>"; };
		7ADEAAA829D94CE100F3678C /* EdutainmentUITestsLaunchTests.swift */ = {isa = PBXFileReference; lastKnownFileType = sourcecode.swift; path = EdutainmentUITestsLaunchTests.swift; sourceTree = "<group>"; };
/* End PBXFileReference section */

/* Begin PBXFrameworksBuildPhase section */
		7ADEAA8529D94CDF00F3678C /* Frameworks */ = {
			isa = PBXFrameworksBuildPhase;
			buildActionMask = 2147483647;
			files = (
			);
			runOnlyForDeploymentPostprocessing = 0;
		};
		7ADEAA9529D94CE100F3678C /* Frameworks */ = {
			isa = PBXFrameworksBuildPhase;
			buildActionMask = 2147483647;
			files = (
			);
			runOnlyForDeploymentPostprocessing = 0;
		};
		7ADEAA9F29D94CE100F3678C /* Frameworks */ = {
			isa = PBXFrameworksBuildPhase;
			buildActionMask = 2147483647;
			files = (
			);
			runOnlyForDeploymentPostprocessing = 0;
		};
/* End PBXFrameworksBuildPhase section */

/* Begin PBXGroup section */
		7ADEAA7F29D94CDF00F3678C = {
			isa = PBXGroup;
			children = (
				7ADEAA8A29D94CDF00F3678C /* Edutainment */,
				7ADEAA9B29D94CE100F3678C /* EdutainmentTests */,
				7ADEAAA529D94CE100F3678C /* EdutainmentUITests */,
				7ADEAA8929D94CDF00F3678C /* Products */,
			);
			sourceTree = "<group>";
		};
		7ADEAA8929D94CDF00F3678C /* Products */ = {
			isa = PBXGroup;
			children = (
				7ADEAA8829D94CDF00F3678C /* Edutainment.app */,
				7ADEAA9829D94CE100F3678C /* EdutainmentTests.xctest */,
				7ADEAAA229D94CE100F3678C /* EdutainmentUITests.xctest */,
			);
			name = Products;
			sourceTree = "<group>";
		};
		7ADEAA8A29D94CDF00F3678C /* Edutainment */ = {
			isa = PBXGroup;
			children = (
				7ADEAA8B29D94CDF00F3678C /* EdutainmentApp.swift */,
				7ADEAA8D29D94CDF00F3678C /* ContentView.swift */,
				7ADEAA8F29D94CE100F3678C /* Assets.xcassets */,
				7ADEAA9129D94CE100F3678C /* Preview Content */,
			);
			path = Edutainment;
			sourceTree = "<group>";
		};
		7ADEAA9129D94CE100F3678C /* Preview Content */ = {
			isa = PBXGroup;
			children = (
				7ADEAA9229D94CE100F3678C /* Preview Assets.xcassets */,
			);
			path = "Preview Content";
			sourceTree = "<group>";
		};
		7ADEAA9B29D94CE100F3678C /* EdutainmentTests */ = {
			isa = PBXGroup;
			children = (
				7ADEAA9C29D94CE100F3678C /* EdutainmentTests.swift */,
			);
			path = EdutainmentTests;
			sourceTree = "<group>";
		};
		7ADEAAA529D94CE100F3678C /* EdutainmentUITests */ = {
			isa = PBXGroup;
			children = (
				7ADEAAA629D94CE100F3678C /* EdutainmentUITests.swift */,
				7ADEAAA829D94CE100F3678C /* EdutainmentUITestsLaunchTests.swift */,
			);
			path = EdutainmentUITests;
			sourceTree = "<group>";
		};
/* End PBXGroup section */

/* Begin PBXNativeTarget section */
		7ADEAA8729D94CDF00F3678C /* Edutainment */ = {
			isa = PBXNativeTarget;
			buildConfigurationList = 7ADEAAAC29D94CE100F3678C /* Build configuration list for PBXNativeTarget "Edutainment" */;
			buildPhases = (
				7ADEAA8429D94CDF00F3678C /* Sources */,
				7ADEAA8529D94CDF00F3678C /* Frameworks */,
				7ADEAA8629D94CDF00F3678C /* Resources */,
			);
			buildRules = (
			);
			dependencies = (
			);
			name = Edutainment;
			productName = Edutainment;
			productReference = 7ADEAA8829D94CDF00F3678C /* Edutainment.app */;
			productType = "com.apple.product-type.application";
		};
		7ADEAA9729D94CE100F3678C /* EdutainmentTests */ = {
			isa = PBXNativeTarget;
			buildConfigurationList = 7ADEAAAF29D94CE100F3678C /* Build configuration list for PBXNativeTarget "EdutainmentTests" */;
			buildPhases = (
				7ADEAA9429D94CE100F3678C /* Sources */,
				7ADEAA9529D94CE100F3678C /* Frameworks */,
				7ADEAA9629D94CE100F3678C /* Resources */,
			);
			buildRules = (
			);
			dependencies = (
				7ADEAA9A29D94CE100F3678C /* PBXTargetDependency */,
			);
			name = EdutainmentTests;
			productName = EdutainmentTests;
			productReference = 7ADEAA9829D94CE100F3678C /* EdutainmentTests.xctest */;
			productType = "com.apple.product-type.bundle.unit-test";
		};
		7ADEAAA129D94CE100F3678C /* EdutainmentUITests */ = {
			isa = PBXNativeTarget;
			buildConfigurationList = 7ADEAAB229D94CE100F3678C /* Build configuration list for PBXNativeTarget "EdutainmentUITests" */;
			buildPhases = (
				7ADEAA9E29D94CE100F3678C /* Sources */,
				7ADEAA9F29D94CE100F3678C /* Frameworks */,
				7ADEAAA029D94CE100F3678C /* Resources */,
			);
			buildRules = (
			);
			dependencies = (
				7ADEAAA429D94CE100F3678C /* PBXTargetDependency */,
			);
			name = EdutainmentUITests;
			productName = EdutainmentUITests;
			productReference = 7ADEAAA229D94CE100F3678C /* EdutainmentUITests.xctest */;
			productType = "com.apple.product-type.bundle.ui-testing";
		};
/* End PBXNativeTarget section */

/* Begin PBXProject section */
		7ADEAA8029D94CDF00F3678C /* Project object */ = {
			isa = PBXProject;
			attributes = {
				BuildIndependentTargetsInParallel = 1;
				LastSwiftUpdateCheck = 1420;
				LastUpgradeCheck = 1420;
				TargetAttributes = {
					7ADEAA8729D94CDF00F3678C = {
						CreatedOnToolsVersion = 14.2;
					};
					7ADEAA9729D94CE100F3678C = {
						CreatedOnToolsVersion = 14.2;
						TestTargetID = 7ADEAA8729D94CDF00F3678C;
					};
					7ADEAAA129D94CE100F3678C = {
						CreatedOnToolsVersion = 14.2;
						TestTargetID = 7ADEAA8729D94CDF00F3678C;
					};
				};
			};
			buildConfigurationList = 7ADEAA8329D94CDF00F3678C /* Build configuration list for PBXProject "Edutainment" */;
			compatibilityVersion = "Xcode 14.0";
			developmentRegion = en;
			hasScannedForEncodings = 0;
			knownRegions = (
				en,
				Base,
			);
			mainGroup = 7ADEAA7F29D94CDF00F3678C;
			productRefGroup = 7ADEAA8929D94CDF00F3678C /* Products */;
			projectDirPath = "";
			projectRoot = "";
			targets = (
				7ADEAA8729D94CDF00F3678C /* Edutainment */,
				7ADEAA9729D94CE100F3678C /* EdutainmentTests */,
				7ADEAAA129D94CE100F3678C /* EdutainmentUITests */,
			);
		};
/* End PBXProject section */

/* Begin PBXResourcesBuildPhase section */
		7ADEAA8629D94CDF00F3678C /* Resources */ = {
			isa = PBXResourcesBuildPhase;
			buildActionMask = 2147483647;
			files = (
				7ADEAA9329D94CE100F3678C /* Preview Assets.xcassets in Resources */,
				7ADEAA9029D94CE100F3678C /* Assets.xcassets in Resources */,
			);
			runOnlyForDeploymentPostprocessing = 0;
		};
		7ADEAA9629D94CE100F3678C /* Resources */ = {
			isa = PBXResourcesBuildPhase;
			buildActionMask = 2147483647;
			files = (
			);
			runOnlyForDeploymentPostprocessing = 0;
		};
		7ADEAAA029D94CE100F3678C /* Resources */ = {
			isa = PBXResourcesBuildPhase;
			buildActionMask = 2147483647;
			files = (
			);
			runOnlyForDeploymentPostprocessing = 0;
		};
/* End PBXResourcesBuildPhase section */

/* Begin PBXSourcesBuildPhase section */
		7ADEAA8429D94CDF00F3678C /* Sources */ = {
			isa = PBXSourcesBuildPhase;
			buildActionMask = 2147483647;
			files = (
				7ADEAA8E29D94CDF00F3678C /* ContentView.swift in Sources */,
				7ADEAA8C29D94CDF00F3678C /* EdutainmentApp.swift in Sources */,
			);
			runOnlyForDeploymentPostprocessing = 0;
		};
		7ADEAA9429D94CE100F3678C /* Sources */ = {
			isa = PBXSourcesBuildPhase;
			buildActionMask = 2147483647;
			files = (
				7ADEAA9D29D94CE100F3678C /* EdutainmentTests.swift in Sources */,
			);
			runOnlyForDeploymentPostprocessing = 0;
		};
		7ADEAA9E29D94CE100F3678C /* Sources */ = {
			isa = PBXSourcesBuildPhase;
			buildActionMask = 2147483647;
			files = (
				7ADEAAA729D94CE100F3678C /* EdutainmentUITests.swift in Sources */,
				7ADEAAA929D94CE100F3678C /* EdutainmentUITestsLaunchTests.swift in Sources */,
			);
			runOnlyForDeploymentPostprocessing = 0;
		};
/* End PBXSourcesBuildPhase section */

/* Begin PBXTargetDependency section */
		7ADEAA9A29D94CE100F3678C /* PBXTargetDependency */ = {
			isa = PBXTargetDependency;
			target = 7ADEAA8729D94CDF00F3678C /* Edutainment */;
			targetProxy = 7ADEAA9929D94CE100F3678C /* PBXContainerItemProxy */;
		};
		7ADEAAA429D94CE100F3678C /* PBXTargetDependency */ = {
			isa = PBXTargetDependency;
			target = 7ADEAA8729D94CDF00F3678C /* Edutainment */;
			targetProxy = 7ADEAAA329D94CE100F3678C /* PBXContainerItemProxy */;
		};
/* End PBXTargetDependency section */

/* Begin XCBuildConfiguration section */
		7ADEAAAA29D94CE100F3678C /* Debug */ = {
			isa = XCBuildConfiguration;
			buildSettings = {
				ALWAYS_SEARCH_USER_PATHS = NO;
				CLANG_ANALYZER_NONNULL = YES;
				CLANG_ANALYZER_NUMBER_OBJECT_CONVERSION = YES_AGGRESSIVE;
				CLANG_CXX_LANGUAGE_STANDARD = "gnu++20";
				CLANG_ENABLE_MODULES = YES;
				CLANG_ENABLE_OBJC_ARC = YES;
				CLANG_ENABLE_OBJC_WEAK = YES;
				CLANG_WARN_BLOCK_CAPTURE_AUTORELEASING = YES;
				CLANG_WARN_BOOL_CONVERSION = YES;
				CLANG_WARN_COMMA = YES;
				CLANG_WARN_CONSTANT_CONVERSION = YES;
				CLANG_WARN_DEPRECATED_OBJC_IMPLEMENTATIONS = YES;
				CLANG_WARN_DIRECT_OBJC_ISA_USAGE = YES_ERROR;
				CLANG_WARN_DOCUMENTATION_COMMENTS = YES;
				CLANG_WARN_EMPTY_BODY = YES;
				CLANG_WARN_ENUM_CONVERSION = YES;
				CLANG_WARN_INFINITE_RECURSION = YES;
				CLANG_WARN_INT_CONVERSION = YES;
				CLANG_WARN_NON_LITERAL_NULL_CONVERSION = YES;
				CLANG_WARN_OBJC_IMPLICIT_RETAIN_SELF = YES;
				CLANG_WARN_OBJC_LITERAL_CONVERSION = YES;
				CLANG_WARN_OBJC_ROOT_CLASS = YES_ERROR;
				CLANG_WARN_QUOTED_INCLUDE_IN_FRAMEWORK_HEADER = YES;
				CLANG_WARN_RANGE_LOOP_ANALYSIS = YES;
				CLANG_WARN_STRICT_PROTOTYPES = YES;
				CLANG_WARN_SUSPICIOUS_MOVE = YES;
				CLANG_WARN_UNGUARDED_AVAILABILITY = YES_AGGRESSIVE;
				CLANG_WARN_UNREACHABLE_CODE = YES;
				CLANG_WARN__DUPLICATE_METHOD_MATCH = YES;
				COPY_PHASE_STRIP = NO;
				DEBUG_INFORMATION_FORMAT = dwarf;
				ENABLE_STRICT_OBJC_MSGSEND = YES;
				ENABLE_TESTABILITY = YES;
				GCC_C_LANGUAGE_STANDARD = gnu11;
				GCC_DYNAMIC_NO_PIC = NO;
				GCC_NO_COMMON_BLOCKS = YES;
				GCC_OPTIMIZATION_LEVEL = 0;
				GCC_PREPROCESSOR_DEFINITIONS = (
					"DEBUG=1",
					"$(inherited)",
				);
				GCC_WARN_64_TO_32_BIT_CONVERSION = YES;
				GCC_WARN_ABOUT_RETURN_TYPE = YES_ERROR;
				GCC_WARN_UNDECLARED_SELECTOR = YES;
				GCC_WARN_UNINITIALIZED_AUTOS = YES_AGGRESSIVE;
				GCC_WARN_UNUSED_FUNCTION = YES;
				GCC_WARN_UNUSED_VARIABLE = YES;
				IPHONEOS_DEPLOYMENT_TARGET = 16.2;
				MTL_ENABLE_DEBUG_INFO = INCLUDE_SOURCE;
				MTL_FAST_MATH = YES;
				ONLY_ACTIVE_ARCH = YES;
				SDKROOT = iphoneos;
				SWIFT_ACTIVE_COMPILATION_CONDITIONS = DEBUG;
				SWIFT_OPTIMIZATION_LEVEL = "-Onone";
			};
			name = Debug;
		};
		7ADEAAAB29D94CE100F3678C /* Release */ = {
			isa = XCBuildConfiguration;
			buildSettings = {
				ALWAYS_SEARCH_USER_PATHS = NO;
				CLANG_ANALYZER_NONNULL = YES;
				CLANG_ANALYZER_NUMBER_OBJECT_CONVERSION = YES_AGGRESSIVE;
				CLANG_CXX_LANGUAGE_STANDARD = "gnu++20";
				CLANG_ENABLE_MODULES = YES;
				CLANG_ENABLE_OBJC_ARC = YES;
				CLANG_ENABLE_OBJC_WEAK = YES;
				CLANG_WARN_BLOCK_CAPTURE_AUTORELEASING = YES;
				CLANG_WARN_BOOL_CONVERSION = YES;
				CLANG_WARN_COMMA = YES;
				CLANG_WARN_CONSTANT_CONVERSION = YES;
				CLANG_WARN_DEPRECATED_OBJC_IMPLEMENTATIONS = YES;
				CLANG_WARN_DIRECT_OBJC_ISA_USAGE = YES_ERROR;
				CLANG_WARN_DOCUMENTATION_COMMENTS = YES;
				CLANG_WARN_EMPTY_BODY = YES;
				CLANG_WARN_ENUM_CONVERSION = YES;
				CLANG_WARN_INFINITE_RECURSION = YES;
				CLANG_WARN_INT_CONVERSION = YES;
				CLANG_WARN_NON_LITERAL_NULL_CONVERSION = YES;
				CLANG_WARN_OBJC_IMPLICIT_RETAIN_SELF = YES;
				CLANG_WARN_OBJC_LITERAL_CONVERSION = YES;
				CLANG_WARN_OBJC_ROOT_CLASS = YES_ERROR;
				CLANG_WARN_QUOTED_INCLUDE_IN_FRAMEWORK_HEADER = YES;
				CLANG_WARN_RANGE_LOOP_ANALYSIS = YES;
				CLANG_WARN_STRICT_PROTOTYPES = YES;
				CLANG_WARN_SUSPICIOUS_MOVE = YES;
				CLANG_WARN_UNGUARDED_AVAILABILITY = YES_AGGRESSIVE;
				CLANG_WARN_UNREACHABLE_CODE = YES;
				CLANG_WARN__DUPLICATE_METHOD_MATCH = YES;
				COPY_PHASE_STRIP = NO;
				DEBUG_INFORMATION_FORMAT = "dwarf-with-dsym";
				ENABLE_NS_ASSERTIONS = NO;
				ENABLE_STRICT_OBJC_MSGSEND = YES;
				GCC_C_LANGUAGE_STANDARD = gnu11;
				GCC_NO_COMMON_BLOCKS = YES;
				GCC_WARN_64_TO_32_BIT_CONVERSION = YES;
				GCC_WARN_ABOUT_RETURN_TYPE = YES_ERROR;
				GCC_WARN_UNDECLARED_SELECTOR = YES;
				GCC_WARN_UNINITIALIZED_AUTOS = YES_AGGRESSIVE;
				GCC_WARN_UNUSED_FUNCTION = YES;
				GCC_WARN_UNUSED_VARIABLE = YES;
				IPHONEOS_DEPLOYMENT_TARGET = 16.2;
				MTL_ENABLE_DEBUG_INFO = NO;
				MTL_FAST_MATH = YES;
				SDKROOT = iphoneos;
				SWIFT_COMPILATION_MODE = wholemodule;
				SWIFT_OPTIMIZATION_LEVEL = "-O";
				VALIDATE_PRODUCT = YES;
			};
			name = Release;
		};
		7ADEAAAD29D94CE100F3678C /* Debug */ = {
			isa = XCBuildConfiguration;
			buildSettings = {
				ASSETCATALOG_COMPILER_APPICON_NAME = AppIcon;
				ASSETCATALOG_COMPILER_GLOBAL_ACCENT_COLOR_NAME = AccentColor;
				CODE_SIGN_STYLE = Automatic;
				CURRENT_PROJECT_VERSION = 1;
				DEVELOPMENT_ASSET_PATHS = "\"Edutainment/Preview Content\"";
				ENABLE_PREVIEWS = YES;
				GENERATE_INFOPLIST_FILE = YES;
				INFOPLIST_KEY_UIApplicationSceneManifest_Generation = YES;
				INFOPLIST_KEY_UIApplicationSupportsIndirectInputEvents = YES;
				INFOPLIST_KEY_UILaunchScreen_Generation = YES;
				INFOPLIST_KEY_UISupportedInterfaceOrientations_iPad = "UIInterfaceOrientationPortrait UIInterfaceOrientationPortraitUpsideDown UIInterfaceOrientationLandscapeLeft UIInterfaceOrientationLandscapeRight";
				INFOPLIST_KEY_UISupportedInterfaceOrientations_iPhone = "UIInterfaceOrientationPortrait UIInterfaceOrientationLandscapeLeft UIInterfaceOrientationLandscapeRight";
				LD_RUNPATH_SEARCH_PATHS = (
					"$(inherited)",
					"@executable_path/Frameworks",
				);
				MARKETING_VERSION = 1.0;
				PRODUCT_BUNDLE_IDENTIFIER = cs411.Edutainment;
				PRODUCT_NAME = "$(TARGET_NAME)";
				SWIFT_EMIT_LOC_STRINGS = YES;
				SWIFT_VERSION = 5.0;
				TARGETED_DEVICE_FAMILY = "1,2";
			};
			name = Debug;
		};
		7ADEAAAE29D94CE100F3678C /* Release */ = {
			isa = XCBuildConfiguration;
			buildSettings = {
				ASSETCATALOG_COMPILER_APPICON_NAME = AppIcon;
				ASSETCATALOG_COMPILER_GLOBAL_ACCENT_COLOR_NAME = AccentColor;
				CODE_SIGN_STYLE = Automatic;
				CURRENT_PROJECT_VERSION = 1;
				DEVELOPMENT_ASSET_PATHS = "\"Edutainment/Preview Content\"";
				ENABLE_PREVIEWS = YES;
				GENERATE_INFOPLIST_FILE = YES;
				INFOPLIST_KEY_UIApplicationSceneManifest_Generation = YES;
				INFOPLIST_KEY_UIApplicationSupportsIndirectInputEvents = YES;
				INFOPLIST_KEY_UILaunchScreen_Generation = YES;
				INFOPLIST_KEY_UISupportedInterfaceOrientations_iPad = "UIInterfaceOrientationPortrait UIInterfaceOrientationPortraitUpsideDown UIInterfaceOrientationLandscapeLeft UIInterfaceOrientationLandscapeRight";
				INFOPLIST_KEY_UISupportedInterfaceOrientations_iPhone = "UIInterfaceOrientationPortrait UIInterfaceOrientationLandscapeLeft UIInterfaceOrientationLandscapeRight";
				LD_RUNPATH_SEARCH_PATHS = (
					"$(inherited)",
					"@executable_path/Frameworks",
				);
				MARKETING_VERSION = 1.0;
				PRODUCT_BUNDLE_IDENTIFIER = cs411.Edutainment;
				PRODUCT_NAME = "$(TARGET_NAME)";
				SWIFT_EMIT_LOC_STRINGS = YES;
				SWIFT_VERSION = 5.0;
				TARGETED_DEVICE_FAMILY = "1,2";
			};
			name = Release;
		};
		7ADEAAB029D94CE100F3678C /* Debug */ = {
			isa = XCBuildConfiguration;
			buildSettings = {
				ALWAYS_EMBED_SWIFT_STANDARD_LIBRARIES = YES;
				BUNDLE_LOADER = "$(TEST_HOST)";
				CODE_SIGN_STYLE = Automatic;
				CURRENT_PROJECT_VERSION = 1;
				GENERATE_INFOPLIST_FILE = YES;
				IPHONEOS_DEPLOYMENT_TARGET = 16.2;
				MARKETING_VERSION = 1.0;
				PRODUCT_BUNDLE_IDENTIFIER = cs411.EdutainmentTests;
				PRODUCT_NAME = "$(TARGET_NAME)";
				SWIFT_EMIT_LOC_STRINGS = NO;
				SWIFT_VERSION = 5.0;
				TARGETED_DEVICE_FAMILY = "1,2";
				TEST_HOST = "$(BUILT_PRODUCTS_DIR)/Edutainment.app/$(BUNDLE_EXECUTABLE_FOLDER_PATH)/Edutainment";
			};
			name = Debug;
		};
		7ADEAAB129D94CE100F3678C /* Release */ = {
			isa = XCBuildConfiguration;
			buildSettings = {
				ALWAYS_EMBED_SWIFT_STANDARD_LIBRARIES = YES;
				BUNDLE_LOADER = "$(TEST_HOST)";
				CODE_SIGN_STYLE = Automatic;
				CURRENT_PROJECT_VERSION = 1;
				GENERATE_INFOPLIST_FILE = YES;
				IPHONEOS_DEPLOYMENT_TARGET = 16.2;
				MARKETING_VERSION = 1.0;
				PRODUCT_BUNDLE_IDENTIFIER = cs411.EdutainmentTests;
				PRODUCT_NAME = "$(TARGET_NAME)";
				SWIFT_EMIT_LOC_STRINGS = NO;
				SWIFT_VERSION = 5.0;
				TARGETED_DEVICE_FAMILY = "1,2";
				TEST_HOST = "$(BUILT_PRODUCTS_DIR)/Edutainment.app/$(BUNDLE_EXECUTABLE_FOLDER_PATH)/Edutainment";
			};
			name = Release;
		};
		7ADEAAB329D94CE100F3678C /* Debug */ = {
			isa = XCBuildConfiguration;
			buildSettings = {
				ALWAYS_EMBED_SWIFT_STANDARD_LIBRARIES = YES;
				CODE_SIGN_STYLE = Automatic;
				CURRENT_PROJECT_VERSION = 1;
				GENERATE_INFOPLIST_FILE = YES;
				MARKETING_VERSION = 1.0;
				PRODUCT_BUNDLE_IDENTIFIER = cs411.EdutainmentUITests;
				PRODUCT_NAME = "$(TARGET_NAME)";
				SWIFT_EMIT_LOC_STRINGS = NO;
				SWIFT_VERSION = 5.0;
				TARGETED_DEVICE_FAMILY = "1,2";
				TEST_TARGET_NAME = Edutainment;
			};
			name = Debug;
		};
		7ADEAAB429D94CE100F3678C /* Release */ = {
			isa = XCBuildConfiguration;
			buildSettings = {
				ALWAYS_EMBED_SWIFT_STANDARD_LIBRARIES = YES;
				CODE_SIGN_STYLE = Automatic;
				CURRENT_PROJECT_VERSION = 1;
				GENERATE_INFOPLIST_FILE = YES;
				MARKETING_VERSION = 1.0;
				PRODUCT_BUNDLE_IDENTIFIER = cs411.EdutainmentUITests;
				PRODUCT_NAME = "$(TARGET_NAME)";
				SWIFT_EMIT_LOC_STRINGS = NO;
				SWIFT_VERSION = 5.0;
				TARGETED_DEVICE_FAMILY = "1,2";
				TEST_TARGET_NAME = Edutainment;
			};
			name = Release;
		};
/* End XCBuildConfiguration section */

/* Begin XCConfigurationList section */
		7ADEAA8329D94CDF00F3678C /* Build configuration list for PBXProject "Edutainment" */ = {
			isa = XCConfigurationList;
			buildConfigurations = (
				7ADEAAAA29D94CE100F3678C /* Debug */,
				7ADEAAAB29D94CE100F3678C /* Release */,
			);
			defaultConfigurationIsVisible = 0;
			defaultConfigurationName = Release;
		};
		7ADEAAAC29D94CE100F3678C /* Build configuration list for PBXNativeTarget "Edutainment" */ = {
			isa = XCConfigurationList;
			buildConfigurations = (
				7ADEAAAD29D94CE100F3678C /* Debug */,
				7ADEAAAE29D94CE100F3678C /* Release */,
			);
			defaultConfigurationIsVisible = 0;
			defaultConfigurationName = Release;
		};
		7ADEAAAF29D94CE100F3678C /* Build configuration list for PBXNativeTarget "EdutainmentTests" */ = {
			isa = XCConfigurationList;
			buildConfigurations = (
				7ADEAAB029D94CE100F3678C /* Debug */,
				7ADEAAB129D94CE100F3678C /* Release */,
			);
			defaultConfigurationIsVisible = 0;
			defaultConfigurationName = Release;
		};
		7ADEAAB229D94CE100F3678C /* Build configuration list for PBXNativeTarget "EdutainmentUITests" */ = {
			isa = XCConfigurationList;
			buildConfigurations = (
				7ADEAAB329D94CE100F3678C /* Debug */,
				7ADEAAB429D94CE100F3678C /* Release */,
			);
			defaultConfigurationIsVisible = 0;
			defaultConfigurationName = Release;
		};
/* End XCConfigurationList section */
	};
	rootObject = 7ADEAA8029D94CDF00F3678C /* Project object */;
}
